// !$*UTF8*$!
{
	archiveVersion = 1;
	classes = {
	};
	objectVersion = 50;
	objects = {

/* Begin PBXBuildFile section */
		8609AC192227A89B0011D5F2 /* ResponseError.swift in Sources */ = {isa = PBXBuildFile; fileRef = 8609AC182227A89B0011D5F2 /* ResponseError.swift */; };
		860A0FE4222862CA00A5F333 /* ApiURLs.swift in Sources */ = {isa = PBXBuildFile; fileRef = 860A0FE3222862CA00A5F333 /* ApiURLs.swift */; };
		860B31922223864600DF7968 /* MovieCell.swift in Sources */ = {isa = PBXBuildFile; fileRef = 860B31902223864600DF7968 /* MovieCell.swift */; };
		860B31932223864600DF7968 /* MovieCell.xib in Resources */ = {isa = PBXBuildFile; fileRef = 860B31912223864600DF7968 /* MovieCell.xib */; };
		860B319722238C2400DF7968 /* MoviesListPresenter.swift in Sources */ = {isa = PBXBuildFile; fileRef = 860B319622238C2400DF7968 /* MoviesListPresenter.swift */; };
		860B319A22238D0900DF7968 /* NetworkManager.swift in Sources */ = {isa = PBXBuildFile; fileRef = 860B319922238D0900DF7968 /* NetworkManager.swift */; };
		860B319C22239F1100DF7968 /* ImageDownloader.swift in Sources */ = {isa = PBXBuildFile; fileRef = 860B319B22239F1100DF7968 /* ImageDownloader.swift */; };
		860B31A52224832600DF7968 /* AddNewMovieViewController.swift in Sources */ = {isa = PBXBuildFile; fileRef = 860B31A42224832600DF7968 /* AddNewMovieViewController.swift */; };
		860B31A822248E0D00DF7968 /* AddNewMoviePresenter.swift in Sources */ = {isa = PBXBuildFile; fileRef = 860B31A722248E0D00DF7968 /* AddNewMoviePresenter.swift */; };
		860B31AB2224992300DF7968 /* Utilities.swift in Sources */ = {isa = PBXBuildFile; fileRef = 860B31AA2224992300DF7968 /* Utilities.swift */; };
		860B31AD22249C4E00DF7968 /* MoviesListViewModels.swift in Sources */ = {isa = PBXBuildFile; fileRef = 860B31AC22249C4E00DF7968 /* MoviesListViewModels.swift */; };
		860B31B12225F59000DF7968 /* MovieListNetworkManagerMock.swift in Sources */ = {isa = PBXBuildFile; fileRef = 860B31B02225F59000DF7968 /* MovieListNetworkManagerMock.swift */; };
		860B31B52225FD7000DF7968 /* MoviesListSceneMock.swift in Sources */ = {isa = PBXBuildFile; fileRef = 860B31B42225FD7000DF7968 /* MoviesListSceneMock.swift */; };
		860B31BA22260CAF00DF7968 /* UtilitiesTest.swift in Sources */ = {isa = PBXBuildFile; fileRef = 860B31B922260CAF00DF7968 /* UtilitiesTest.swift */; };
		86231F2D22220872004C3388 /* MoviesPage.swift in Sources */ = {isa = PBXBuildFile; fileRef = 86231F2C22220872004C3388 /* MoviesPage.swift */; };
		868C6EE22220B28C0088F447 /* AppDelegate.swift in Sources */ = {isa = PBXBuildFile; fileRef = 868C6EE12220B28C0088F447 /* AppDelegate.swift */; };
		868C6EE42220B28C0088F447 /* MoviesListViewController.swift in Sources */ = {isa = PBXBuildFile; fileRef = 868C6EE32220B28C0088F447 /* MoviesListViewController.swift */; };
		868C6EE72220B28C0088F447 /* Main.storyboard in Resources */ = {isa = PBXBuildFile; fileRef = 868C6EE52220B28C0088F447 /* Main.storyboard */; };
		868C6EE92220B28F0088F447 /* Assets.xcassets in Resources */ = {isa = PBXBuildFile; fileRef = 868C6EE82220B28F0088F447 /* Assets.xcassets */; };
		868C6EEC2220B28F0088F447 /* LaunchScreen.storyboard in Resources */ = {isa = PBXBuildFile; fileRef = 868C6EEA2220B28F0088F447 /* LaunchScreen.storyboard */; };
		868C6EF72220B28F0088F447 /* MoviesListPresenterTest.swift in Sources */ = {isa = PBXBuildFile; fileRef = 868C6EF62220B28F0088F447 /* MoviesListPresenterTest.swift */; };
		868C6F022220B28F0088F447 /* Instabug_TaskUITests.swift in Sources */ = {isa = PBXBuildFile; fileRef = 868C6F012220B28F0088F447 /* Instabug_TaskUITests.swift */; };
/* End PBXBuildFile section */

/* Begin PBXContainerItemProxy section */
		868C6EF32220B28F0088F447 /* PBXContainerItemProxy */ = {
			isa = PBXContainerItemProxy;
			containerPortal = 868C6ED62220B28C0088F447 /* Project object */;
			proxyType = 1;
			remoteGlobalIDString = 868C6EDD2220B28C0088F447;
			remoteInfo = Instabug_Task;
		};
		868C6EFE2220B28F0088F447 /* PBXContainerItemProxy */ = {
			isa = PBXContainerItemProxy;
			containerPortal = 868C6ED62220B28C0088F447 /* Project object */;
			proxyType = 1;
			remoteGlobalIDString = 868C6EDD2220B28C0088F447;
			remoteInfo = Instabug_Task;
		};
/* End PBXContainerItemProxy section */

/* Begin PBXFileReference section */
		8609AC182227A89B0011D5F2 /* ResponseError.swift */ = {isa = PBXFileReference; lastKnownFileType = sourcecode.swift; path = ResponseError.swift; sourceTree = "<group>"; };
		860A0FE3222862CA00A5F333 /* ApiURLs.swift */ = {isa = PBXFileReference; lastKnownFileType = sourcecode.swift; path = ApiURLs.swift; sourceTree = "<group>"; };
		860B31902223864600DF7968 /* MovieCell.swift */ = {isa = PBXFileReference; lastKnownFileType = sourcecode.swift; path = MovieCell.swift; sourceTree = "<group>"; };
		860B31912223864600DF7968 /* MovieCell.xib */ = {isa = PBXFileReference; lastKnownFileType = file.xib; path = MovieCell.xib; sourceTree = "<group>"; };
		860B319622238C2400DF7968 /* MoviesListPresenter.swift */ = {isa = PBXFileReference; lastKnownFileType = sourcecode.swift; path = MoviesListPresenter.swift; sourceTree = "<group>"; };
		860B319922238D0900DF7968 /* NetworkManager.swift */ = {isa = PBXFileReference; lastKnownFileType = sourcecode.swift; path = NetworkManager.swift; sourceTree = "<group>"; };
		860B319B22239F1100DF7968 /* ImageDownloader.swift */ = {isa = PBXFileReference; lastKnownFileType = sourcecode.swift; path = ImageDownloader.swift; sourceTree = "<group>"; };
		860B31A42224832600DF7968 /* AddNewMovieViewController.swift */ = {isa = PBXFileReference; lastKnownFileType = sourcecode.swift; path = AddNewMovieViewController.swift; sourceTree = "<group>"; };
		860B31A722248E0D00DF7968 /* AddNewMoviePresenter.swift */ = {isa = PBXFileReference; lastKnownFileType = sourcecode.swift; path = AddNewMoviePresenter.swift; sourceTree = "<group>"; };
		860B31AA2224992300DF7968 /* Utilities.swift */ = {isa = PBXFileReference; lastKnownFileType = sourcecode.swift; path = Utilities.swift; sourceTree = "<group>"; };
		860B31AC22249C4E00DF7968 /* MoviesListViewModels.swift */ = {isa = PBXFileReference; lastKnownFileType = sourcecode.swift; path = MoviesListViewModels.swift; sourceTree = "<group>"; };
		860B31B02225F59000DF7968 /* MovieListNetworkManagerMock.swift */ = {isa = PBXFileReference; lastKnownFileType = sourcecode.swift; path = MovieListNetworkManagerMock.swift; sourceTree = "<group>"; };
		860B31B42225FD7000DF7968 /* MoviesListSceneMock.swift */ = {isa = PBXFileReference; lastKnownFileType = sourcecode.swift; path = MoviesListSceneMock.swift; sourceTree = "<group>"; };
		860B31B922260CAF00DF7968 /* UtilitiesTest.swift */ = {isa = PBXFileReference; lastKnownFileType = sourcecode.swift; path = UtilitiesTest.swift; sourceTree = "<group>"; };
		86231F2C22220872004C3388 /* MoviesPage.swift */ = {isa = PBXFileReference; lastKnownFileType = sourcecode.swift; path = MoviesPage.swift; sourceTree = "<group>"; };
		868C6EDE2220B28C0088F447 /* Instabug_Task.app */ = {isa = PBXFileReference; explicitFileType = wrapper.application; includeInIndex = 0; path = Instabug_Task.app; sourceTree = BUILT_PRODUCTS_DIR; };
		868C6EE12220B28C0088F447 /* AppDelegate.swift */ = {isa = PBXFileReference; lastKnownFileType = sourcecode.swift; path = AppDelegate.swift; sourceTree = "<group>"; };
		868C6EE32220B28C0088F447 /* MoviesListViewController.swift */ = {isa = PBXFileReference; lastKnownFileType = sourcecode.swift; path = MoviesListViewController.swift; sourceTree = "<group>"; };
		868C6EE62220B28C0088F447 /* Base */ = {isa = PBXFileReference; lastKnownFileType = file.storyboard; name = Base; path = Base.lproj/Main.storyboard; sourceTree = "<group>"; };
		868C6EE82220B28F0088F447 /* Assets.xcassets */ = {isa = PBXFileReference; lastKnownFileType = folder.assetcatalog; path = Assets.xcassets; sourceTree = "<group>"; };
		868C6EEB2220B28F0088F447 /* Base */ = {isa = PBXFileReference; lastKnownFileType = file.storyboard; name = Base; path = Base.lproj/LaunchScreen.storyboard; sourceTree = "<group>"; };
		868C6EED2220B28F0088F447 /* Info.plist */ = {isa = PBXFileReference; lastKnownFileType = text.plist.xml; path = Info.plist; sourceTree = "<group>"; };
		868C6EF22220B28F0088F447 /* Instabug_TaskTests.xctest */ = {isa = PBXFileReference; explicitFileType = wrapper.cfbundle; includeInIndex = 0; path = Instabug_TaskTests.xctest; sourceTree = BUILT_PRODUCTS_DIR; };
		868C6EF62220B28F0088F447 /* MoviesListPresenterTest.swift */ = {isa = PBXFileReference; lastKnownFileType = sourcecode.swift; path = MoviesListPresenterTest.swift; sourceTree = "<group>"; };
		868C6EF82220B28F0088F447 /* Info.plist */ = {isa = PBXFileReference; lastKnownFileType = text.plist.xml; path = Info.plist; sourceTree = "<group>"; };
		868C6EFD2220B28F0088F447 /* Instabug_TaskUITests.xctest */ = {isa = PBXFileReference; explicitFileType = wrapper.cfbundle; includeInIndex = 0; path = Instabug_TaskUITests.xctest; sourceTree = BUILT_PRODUCTS_DIR; };
		868C6F012220B28F0088F447 /* Instabug_TaskUITests.swift */ = {isa = PBXFileReference; lastKnownFileType = sourcecode.swift; path = Instabug_TaskUITests.swift; sourceTree = "<group>"; };
		868C6F032220B28F0088F447 /* Info.plist */ = {isa = PBXFileReference; lastKnownFileType = text.plist.xml; path = Info.plist; sourceTree = "<group>"; };
/* End PBXFileReference section */

/* Begin PBXFrameworksBuildPhase section */
		868C6EDB2220B28C0088F447 /* Frameworks */ = {
			isa = PBXFrameworksBuildPhase;
			buildActionMask = 2147483647;
			files = (
			);
			runOnlyForDeploymentPostprocessing = 0;
		};
		868C6EEF2220B28F0088F447 /* Frameworks */ = {
			isa = PBXFrameworksBuildPhase;
			buildActionMask = 2147483647;
			files = (
			);
			runOnlyForDeploymentPostprocessing = 0;
		};
		868C6EFA2220B28F0088F447 /* Frameworks */ = {
			isa = PBXFrameworksBuildPhase;
			buildActionMask = 2147483647;
			files = (
			);
			runOnlyForDeploymentPostprocessing = 0;
		};
/* End PBXFrameworksBuildPhase section */

/* Begin PBXGroup section */
		860B318C2223860000DF7968 /* Modules */ = {
			isa = PBXGroup;
			children = (
				860B31A22224830000DF7968 /* Add Movie */,
				860B318D2223860C00DF7968 /* Movies List */,
			);
			path = Modules;
			sourceTree = "<group>";
		};
		860B318D2223860C00DF7968 /* Movies List */ = {
			isa = PBXGroup;
			children = (
				860B319522238BB800DF7968 /* Presenter */,
				860B319422238BAA00DF7968 /* Models */,
				860B318E2223861700DF7968 /* Scene */,
			);
			path = "Movies List";
			sourceTree = "<group>";
		};
		860B318E2223861700DF7968 /* Scene */ = {
			isa = PBXGroup;
			children = (
				868C6EE32220B28C0088F447 /* MoviesListViewController.swift */,
				860B318F2223862600DF7968 /* Cell */,
			);
			path = Scene;
			sourceTree = "<group>";
		};
		860B318F2223862600DF7968 /* Cell */ = {
			isa = PBXGroup;
			children = (
				860B31902223864600DF7968 /* MovieCell.swift */,
				860B31912223864600DF7968 /* MovieCell.xib */,
			);
			path = Cell;
			sourceTree = "<group>";
		};
		860B319422238BAA00DF7968 /* Models */ = {
			isa = PBXGroup;
			children = (
				86231F2C22220872004C3388 /* MoviesPage.swift */,
				860B31AC22249C4E00DF7968 /* MoviesListViewModels.swift */,
			);
			path = Models;
			sourceTree = "<group>";
		};
		860B319522238BB800DF7968 /* Presenter */ = {
			isa = PBXGroup;
			children = (
				860B319622238C2400DF7968 /* MoviesListPresenter.swift */,
			);
			path = Presenter;
			sourceTree = "<group>";
		};
		860B319822238CEC00DF7968 /* Network Manager */ = {
			isa = PBXGroup;
			children = (
				860B319922238D0900DF7968 /* NetworkManager.swift */,
				860B319B22239F1100DF7968 /* ImageDownloader.swift */,
				8609AC182227A89B0011D5F2 /* ResponseError.swift */,
				860A0FE3222862CA00A5F333 /* ApiURLs.swift */,
			);
			path = "Network Manager";
			sourceTree = "<group>";
		};
		860B31A22224830000DF7968 /* Add Movie */ = {
			isa = PBXGroup;
			children = (
				860B31A622248DBF00DF7968 /* Presenter */,
				860B31A32224830A00DF7968 /* Scene */,
			);
			path = "Add Movie";
			sourceTree = "<group>";
		};
		860B31A32224830A00DF7968 /* Scene */ = {
			isa = PBXGroup;
			children = (
				860B31A42224832600DF7968 /* AddNewMovieViewController.swift */,
			);
			path = Scene;
			sourceTree = "<group>";
		};
		860B31A622248DBF00DF7968 /* Presenter */ = {
			isa = PBXGroup;
			children = (
				860B31A722248E0D00DF7968 /* AddNewMoviePresenter.swift */,
			);
			path = Presenter;
			sourceTree = "<group>";
		};
		860B31A92224990C00DF7968 /* Utilities */ = {
			isa = PBXGroup;
			children = (
				860B31AA2224992300DF7968 /* Utilities.swift */,
			);
			path = Utilities;
			sourceTree = "<group>";
		};
		860B31B22225FD4800DF7968 /* Movies List */ = {
			isa = PBXGroup;
			children = (
				860B31B822260C4300DF7968 /* Network */,
				860B31B622260C2600DF7968 /* Presenter */,
				860B31B32225FD5300DF7968 /* scene mock */,
			);
			path = "Movies List";
			sourceTree = "<group>";
		};
		860B31B32225FD5300DF7968 /* scene mock */ = {
			isa = PBXGroup;
			children = (
				860B31B42225FD7000DF7968 /* MoviesListSceneMock.swift */,
			);
			path = "scene mock";
			sourceTree = "<group>";
		};
		860B31B622260C2600DF7968 /* Presenter */ = {
			isa = PBXGroup;
			children = (
				868C6EF62220B28F0088F447 /* MoviesListPresenterTest.swift */,
			);
			path = Presenter;
			sourceTree = "<group>";
		};
		860B31B722260C3800DF7968 /* Utilities */ = {
			isa = PBXGroup;
			children = (
				860B31B922260CAF00DF7968 /* UtilitiesTest.swift */,
			);
			path = Utilities;
			sourceTree = "<group>";
		};
		860B31B822260C4300DF7968 /* Network */ = {
			isa = PBXGroup;
			children = (
				860B31B02225F59000DF7968 /* MovieListNetworkManagerMock.swift */,
			);
			path = Network;
			sourceTree = "<group>";
		};
		868C6ED52220B28C0088F447 = {
			isa = PBXGroup;
			children = (
				868C6EE02220B28C0088F447 /* Instabug_Task */,
				868C6EF52220B28F0088F447 /* Instabug_TaskTests */,
				868C6F002220B28F0088F447 /* Instabug_TaskUITests */,
				868C6EDF2220B28C0088F447 /* Products */,
			);
			sourceTree = "<group>";
		};
		868C6EDF2220B28C0088F447 /* Products */ = {
			isa = PBXGroup;
			children = (
				868C6EDE2220B28C0088F447 /* Instabug_Task.app */,
				868C6EF22220B28F0088F447 /* Instabug_TaskTests.xctest */,
				868C6EFD2220B28F0088F447 /* Instabug_TaskUITests.xctest */,
			);
			name = Products;
			sourceTree = "<group>";
		};
		868C6EE02220B28C0088F447 /* Instabug_Task */ = {
			isa = PBXGroup;
			children = (
				860B31A92224990C00DF7968 /* Utilities */,
				860B319822238CEC00DF7968 /* Network Manager */,
				860B318C2223860000DF7968 /* Modules */,
				868C6EE12220B28C0088F447 /* AppDelegate.swift */,
				868C6EE52220B28C0088F447 /* Main.storyboard */,
				868C6EE82220B28F0088F447 /* Assets.xcassets */,
				868C6EEA2220B28F0088F447 /* LaunchScreen.storyboard */,
				868C6EED2220B28F0088F447 /* Info.plist */,
			);
			path = Instabug_Task;
			sourceTree = "<group>";
		};
		868C6EF52220B28F0088F447 /* Instabug_TaskTests */ = {
			isa = PBXGroup;
			children = (
				860B31B722260C3800DF7968 /* Utilities */,
				860B31B22225FD4800DF7968 /* Movies List */,
				868C6EF82220B28F0088F447 /* Info.plist */,
			);
			path = Instabug_TaskTests;
			sourceTree = "<group>";
		};
		868C6F002220B28F0088F447 /* Instabug_TaskUITests */ = {
			isa = PBXGroup;
			children = (
				868C6F012220B28F0088F447 /* Instabug_TaskUITests.swift */,
				868C6F032220B28F0088F447 /* Info.plist */,
			);
			path = Instabug_TaskUITests;
			sourceTree = "<group>";
		};
/* End PBXGroup section */

/* Begin PBXNativeTarget section */
		868C6EDD2220B28C0088F447 /* Instabug_Task */ = {
			isa = PBXNativeTarget;
			buildConfigurationList = 868C6F062220B28F0088F447 /* Build configuration list for PBXNativeTarget "Instabug_Task" */;
			buildPhases = (
				868C6EDA2220B28C0088F447 /* Sources */,
				868C6EDB2220B28C0088F447 /* Frameworks */,
				868C6EDC2220B28C0088F447 /* Resources */,
			);
			buildRules = (
			);
			dependencies = (
			);
			name = Instabug_Task;
			productName = Instabug_Task;
			productReference = 868C6EDE2220B28C0088F447 /* Instabug_Task.app */;
			productType = "com.apple.product-type.application";
		};
		868C6EF12220B28F0088F447 /* Instabug_TaskTests */ = {
			isa = PBXNativeTarget;
			buildConfigurationList = 868C6F092220B28F0088F447 /* Build configuration list for PBXNativeTarget "Instabug_TaskTests" */;
			buildPhases = (
				868C6EEE2220B28F0088F447 /* Sources */,
				868C6EEF2220B28F0088F447 /* Frameworks */,
				868C6EF02220B28F0088F447 /* Resources */,
			);
			buildRules = (
			);
			dependencies = (
				868C6EF42220B28F0088F447 /* PBXTargetDependency */,
			);
			name = Instabug_TaskTests;
			productName = Instabug_TaskTests;
			productReference = 868C6EF22220B28F0088F447 /* Instabug_TaskTests.xctest */;
			productType = "com.apple.product-type.bundle.unit-test";
		};
		868C6EFC2220B28F0088F447 /* Instabug_TaskUITests */ = {
			isa = PBXNativeTarget;
			buildConfigurationList = 868C6F0C2220B28F0088F447 /* Build configuration list for PBXNativeTarget "Instabug_TaskUITests" */;
			buildPhases = (
				868C6EF92220B28F0088F447 /* Sources */,
				868C6EFA2220B28F0088F447 /* Frameworks */,
				868C6EFB2220B28F0088F447 /* Resources */,
			);
			buildRules = (
			);
			dependencies = (
				868C6EFF2220B28F0088F447 /* PBXTargetDependency */,
			);
			name = Instabug_TaskUITests;
			productName = Instabug_TaskUITests;
			productReference = 868C6EFD2220B28F0088F447 /* Instabug_TaskUITests.xctest */;
			productType = "com.apple.product-type.bundle.ui-testing";
		};
/* End PBXNativeTarget section */

/* Begin PBXProject section */
		868C6ED62220B28C0088F447 /* Project object */ = {
			isa = PBXProject;
			attributes = {
				LastSwiftUpdateCheck = 0930;
				LastUpgradeCheck = 0930;
				ORGANIZATIONNAME = "Islam Soliman";
				TargetAttributes = {
					868C6EDD2220B28C0088F447 = {
						CreatedOnToolsVersion = 9.3;
					};
					868C6EF12220B28F0088F447 = {
						CreatedOnToolsVersion = 9.3;
						TestTargetID = 868C6EDD2220B28C0088F447;
					};
					868C6EFC2220B28F0088F447 = {
						CreatedOnToolsVersion = 9.3;
						TestTargetID = 868C6EDD2220B28C0088F447;
					};
				};
			};
			buildConfigurationList = 868C6ED92220B28C0088F447 /* Build configuration list for PBXProject "Instabug_Task" */;
			compatibilityVersion = "Xcode 9.3";
			developmentRegion = en;
			hasScannedForEncodings = 0;
			knownRegions = (
				en,
				Base,
			);
			mainGroup = 868C6ED52220B28C0088F447;
			productRefGroup = 868C6EDF2220B28C0088F447 /* Products */;
			projectDirPath = "";
			projectRoot = "";
			targets = (
				868C6EDD2220B28C0088F447 /* Instabug_Task */,
				868C6EF12220B28F0088F447 /* Instabug_TaskTests */,
				868C6EFC2220B28F0088F447 /* Instabug_TaskUITests */,
			);
		};
/* End PBXProject section */

/* Begin PBXResourcesBuildPhase section */
		868C6EDC2220B28C0088F447 /* Resources */ = {
			isa = PBXResourcesBuildPhase;
			buildActionMask = 2147483647;
			files = (
				868C6EEC2220B28F0088F447 /* LaunchScreen.storyboard in Resources */,
				868C6EE92220B28F0088F447 /* Assets.xcassets in Resources */,
				860B31932223864600DF7968 /* MovieCell.xib in Resources */,
				868C6EE72220B28C0088F447 /* Main.storyboard in Resources */,
			);
			runOnlyForDeploymentPostprocessing = 0;
		};
		868C6EF02220B28F0088F447 /* Resources */ = {
			isa = PBXResourcesBuildPhase;
			buildActionMask = 2147483647;
			files = (
			);
			runOnlyForDeploymentPostprocessing = 0;
		};
		868C6EFB2220B28F0088F447 /* Resources */ = {
			isa = PBXResourcesBuildPhase;
			buildActionMask = 2147483647;
			files = (
			);
			runOnlyForDeploymentPostprocessing = 0;
		};
/* End PBXResourcesBuildPhase section */

/* Begin PBXSourcesBuildPhase section */
		868C6EDA2220B28C0088F447 /* Sources */ = {
			isa = PBXSourcesBuildPhase;
			buildActionMask = 2147483647;
			files = (
				860B319A22238D0900DF7968 /* NetworkManager.swift in Sources */,
				860B31AB2224992300DF7968 /* Utilities.swift in Sources */,
				860B31AD22249C4E00DF7968 /* MoviesListViewModels.swift in Sources */,
				8609AC192227A89B0011D5F2 /* ResponseError.swift in Sources */,
				868C6EE42220B28C0088F447 /* MoviesListViewController.swift in Sources */,
				860B319C22239F1100DF7968 /* ImageDownloader.swift in Sources */,
				860B31A822248E0D00DF7968 /* AddNewMoviePresenter.swift in Sources */,
				860A0FE4222862CA00A5F333 /* ApiURLs.swift in Sources */,
				86231F2D22220872004C3388 /* MoviesPage.swift in Sources */,
				860B319722238C2400DF7968 /* MoviesListPresenter.swift in Sources */,
				860B31922223864600DF7968 /* MovieCell.swift in Sources */,
				860B31A52224832600DF7968 /* AddNewMovieViewController.swift in Sources */,
				868C6EE22220B28C0088F447 /* AppDelegate.swift in Sources */,
			);
			runOnlyForDeploymentPostprocessing = 0;
		};
		868C6EEE2220B28F0088F447 /* Sources */ = {
			isa = PBXSourcesBuildPhase;
			buildActionMask = 2147483647;
			files = (
				860B31B52225FD7000DF7968 /* MoviesListSceneMock.swift in Sources */,
				860B31B12225F59000DF7968 /* MovieListNetworkManagerMock.swift in Sources */,
				860B31BA22260CAF00DF7968 /* UtilitiesTest.swift in Sources */,
				868C6EF72220B28F0088F447 /* MoviesListPresenterTest.swift in Sources */,
			);
			runOnlyForDeploymentPostprocessing = 0;
		};
		868C6EF92220B28F0088F447 /* Sources */ = {
			isa = PBXSourcesBuildPhase;
			buildActionMask = 2147483647;
			files = (
				868C6F022220B28F0088F447 /* Instabug_TaskUITests.swift in Sources */,
			);
			runOnlyForDeploymentPostprocessing = 0;
		};
/* End PBXSourcesBuildPhase section */

/* Begin PBXTargetDependency section */
		868C6EF42220B28F0088F447 /* PBXTargetDependency */ = {
			isa = PBXTargetDependency;
			target = 868C6EDD2220B28C0088F447 /* Instabug_Task */;
			targetProxy = 868C6EF32220B28F0088F447 /* PBXContainerItemProxy */;
		};
		868C6EFF2220B28F0088F447 /* PBXTargetDependency */ = {
			isa = PBXTargetDependency;
			target = 868C6EDD2220B28C0088F447 /* Instabug_Task */;
			targetProxy = 868C6EFE2220B28F0088F447 /* PBXContainerItemProxy */;
		};
/* End PBXTargetDependency section */

/* Begin PBXVariantGroup section */
		868C6EE52220B28C0088F447 /* Main.storyboard */ = {
			isa = PBXVariantGroup;
			children = (
				868C6EE62220B28C0088F447 /* Base */,
			);
			name = Main.storyboard;
			sourceTree = "<group>";
		};
		868C6EEA2220B28F0088F447 /* LaunchScreen.storyboard */ = {
			isa = PBXVariantGroup;
			children = (
				868C6EEB2220B28F0088F447 /* Base */,
			);
			name = LaunchScreen.storyboard;
			sourceTree = "<group>";
		};
/* End PBXVariantGroup section */

/* Begin XCBuildConfiguration section */
		868C6F042220B28F0088F447 /* Debug */ = {
			isa = XCBuildConfiguration;
			buildSettings = {
				ALWAYS_SEARCH_USER_PATHS = NO;
				CLANG_ANALYZER_NONNULL = YES;
				CLANG_ANALYZER_NUMBER_OBJECT_CONVERSION = YES_AGGRESSIVE;
				CLANG_CXX_LANGUAGE_STANDARD = "gnu++14";
				CLANG_CXX_LIBRARY = "libc++";
				CLANG_ENABLE_MODULES = YES;
				CLANG_ENABLE_OBJC_ARC = YES;
				CLANG_ENABLE_OBJC_WEAK = YES;
				CLANG_WARN_BLOCK_CAPTURE_AUTORELEASING = YES;
				CLANG_WARN_BOOL_CONVERSION = YES;
				CLANG_WARN_COMMA = YES;
				CLANG_WARN_CONSTANT_CONVERSION = YES;
				CLANG_WARN_DEPRECATED_OBJC_IMPLEMENTATIONS = YES;
				CLANG_WARN_DIRECT_OBJC_ISA_USAGE = YES_ERROR;
				CLANG_WARN_DOCUMENTATION_COMMENTS = YES;
				CLANG_WARN_EMPTY_BODY = YES;
				CLANG_WARN_ENUM_CONVERSION = YES;
				CLANG_WARN_INFINITE_RECURSION = YES;
				CLANG_WARN_INT_CONVERSION = YES;
				CLANG_WARN_NON_LITERAL_NULL_CONVERSION = YES;
				CLANG_WARN_OBJC_IMPLICIT_RETAIN_SELF = YES;
				CLANG_WARN_OBJC_LITERAL_CONVERSION = YES;
				CLANG_WARN_OBJC_ROOT_CLASS = YES_ERROR;
				CLANG_WARN_RANGE_LOOP_ANALYSIS = YES;
				CLANG_WARN_STRICT_PROTOTYPES = YES;
				CLANG_WARN_SUSPICIOUS_MOVE = YES;
				CLANG_WARN_UNGUARDED_AVAILABILITY = YES_AGGRESSIVE;
				CLANG_WARN_UNREACHABLE_CODE = YES;
				CLANG_WARN__DUPLICATE_METHOD_MATCH = YES;
				CODE_SIGN_IDENTITY = "iPhone Developer";
				COPY_PHASE_STRIP = NO;
				DEBUG_INFORMATION_FORMAT = dwarf;
				ENABLE_STRICT_OBJC_MSGSEND = YES;
				ENABLE_TESTABILITY = YES;
				GCC_C_LANGUAGE_STANDARD = gnu11;
				GCC_DYNAMIC_NO_PIC = NO;
				GCC_NO_COMMON_BLOCKS = YES;
				GCC_OPTIMIZATION_LEVEL = 0;
				GCC_PREPROCESSOR_DEFINITIONS = (
					"DEBUG=1",
					"$(inherited)",
				);
				GCC_WARN_64_TO_32_BIT_CONVERSION = YES;
				GCC_WARN_ABOUT_RETURN_TYPE = YES_ERROR;
				GCC_WARN_UNDECLARED_SELECTOR = YES;
				GCC_WARN_UNINITIALIZED_AUTOS = YES_AGGRESSIVE;
				GCC_WARN_UNUSED_FUNCTION = YES;
				GCC_WARN_UNUSED_VARIABLE = YES;
				IPHONEOS_DEPLOYMENT_TARGET = 11.3;
				MTL_ENABLE_DEBUG_INFO = YES;
				ONLY_ACTIVE_ARCH = YES;
				SDKROOT = iphoneos;
				SWIFT_ACTIVE_COMPILATION_CONDITIONS = DEBUG;
				SWIFT_OPTIMIZATION_LEVEL = "-Onone";
			};
			name = Debug;
		};
		868C6F052220B28F0088F447 /* Release */ = {
			isa = XCBuildConfiguration;
			buildSettings = {
				ALWAYS_SEARCH_USER_PATHS = NO;
				CLANG_ANALYZER_NONNULL = YES;
				CLANG_ANALYZER_NUMBER_OBJECT_CONVERSION = YES_AGGRESSIVE;
				CLANG_CXX_LANGUAGE_STANDARD = "gnu++14";
				CLANG_CXX_LIBRARY = "libc++";
				CLANG_ENABLE_MODULES = YES;
				CLANG_ENABLE_OBJC_ARC = YES;
				CLANG_ENABLE_OBJC_WEAK = YES;
				CLANG_WARN_BLOCK_CAPTURE_AUTORELEASING = YES;
				CLANG_WARN_BOOL_CONVERSION = YES;
				CLANG_WARN_COMMA = YES;
				CLANG_WARN_CONSTANT_CONVERSION = YES;
				CLANG_WARN_DEPRECATED_OBJC_IMPLEMENTATIONS = YES;
				CLANG_WARN_DIRECT_OBJC_ISA_USAGE = YES_ERROR;
				CLANG_WARN_DOCUMENTATION_COMMENTS = YES;
				CLANG_WARN_EMPTY_BODY = YES;
				CLANG_WARN_ENUM_CONVERSION = YES;
				CLANG_WARN_INFINITE_RECURSION = YES;
				CLANG_WARN_INT_CONVERSION = YES;
				CLANG_WARN_NON_LITERAL_NULL_CONVERSION = YES;
				CLANG_WARN_OBJC_IMPLICIT_RETAIN_SELF = YES;
				CLANG_WARN_OBJC_LITERAL_CONVERSION = YES;
				CLANG_WARN_OBJC_ROOT_CLASS = YES_ERROR;
				CLANG_WARN_RANGE_LOOP_ANALYSIS = YES;
				CLANG_WARN_STRICT_PROTOTYPES = YES;
				CLANG_WARN_SUSPICIOUS_MOVE = YES;
				CLANG_WARN_UNGUARDED_AVAILABILITY = YES_AGGRESSIVE;
				CLANG_WARN_UNREACHABLE_CODE = YES;
				CLANG_WARN__DUPLICATE_METHOD_MATCH = YES;
				CODE_SIGN_IDENTITY = "iPhone Developer";
				COPY_PHASE_STRIP = NO;
				DEBUG_INFORMATION_FORMAT = "dwarf-with-dsym";
				ENABLE_NS_ASSERTIONS = NO;
				ENABLE_STRICT_OBJC_MSGSEND = YES;
				GCC_C_LANGUAGE_STANDARD = gnu11;
				GCC_NO_COMMON_BLOCKS = YES;
				GCC_WARN_64_TO_32_BIT_CONVERSION = YES;
				GCC_WARN_ABOUT_RETURN_TYPE = YES_ERROR;
				GCC_WARN_UNDECLARED_SELECTOR = YES;
				GCC_WARN_UNINITIALIZED_AUTOS = YES_AGGRESSIVE;
				GCC_WARN_UNUSED_FUNCTION = YES;
				GCC_WARN_UNUSED_VARIABLE = YES;
				IPHONEOS_DEPLOYMENT_TARGET = 11.3;
				MTL_ENABLE_DEBUG_INFO = NO;
				SDKROOT = iphoneos;
				SWIFT_COMPILATION_MODE = wholemodule;
				SWIFT_OPTIMIZATION_LEVEL = "-O";
				VALIDATE_PRODUCT = YES;
			};
			name = Release;
		};
		868C6F072220B28F0088F447 /* Debug */ = {
			isa = XCBuildConfiguration;
			buildSettings = {
				ASSETCATALOG_COMPILER_APPICON_NAME = AppIcon;
				CODE_SIGN_STYLE = Automatic;
				INFOPLIST_FILE = Instabug_Task/Info.plist;
				IPHONEOS_DEPLOYMENT_TARGET = 9.0;
				LD_RUNPATH_SEARCH_PATHS = (
					"$(inherited)",
					"@executable_path/Frameworks",
				);
				PRODUCT_BUNDLE_IDENTIFIER = "Instabug.Instabug-Task";
				PRODUCT_NAME = "$(TARGET_NAME)";
				SWIFT_VERSION = 4.0;
				TARGETED_DEVICE_FAMILY = "1,2";
			};
			name = Debug;
		};
		868C6F082220B28F0088F447 /* Release */ = {
			isa = XCBuildConfiguration;
			buildSettings = {
				ASSETCATALOG_COMPILER_APPICON_NAME = AppIcon;
				CODE_SIGN_STYLE = Automatic;
				INFOPLIST_FILE = Instabug_Task/Info.plist;
				IPHONEOS_DEPLOYMENT_TARGET = 9.0;
				LD_RUNPATH_SEARCH_PATHS = (
					"$(inherited)",
					"@executable_path/Frameworks",
				);
				PRODUCT_BUNDLE_IDENTIFIER = "Instabug.Instabug-Task";
				PRODUCT_NAME = "$(TARGET_NAME)";
				SWIFT_VERSION = 4.0;
				TARGETED_DEVICE_FAMILY = "1,2";
			};
			name = Release;
		};
		868C6F0A2220B28F0088F447 /* Debug */ = {
			isa = XCBuildConfiguration;
			buildSettings = {
				ALWAYS_EMBED_SWIFT_STANDARD_LIBRARIES = YES;
				BUNDLE_LOADER = "$(TEST_HOST)";
				CODE_SIGN_STYLE = Automatic;
				INFOPLIST_FILE = Instabug_TaskTests/Info.plist;
				LD_RUNPATH_SEARCH_PATHS = (
					"$(inherited)",
					"@executable_path/Frameworks",
					"@loader_path/Frameworks",
				);
				PRODUCT_BUNDLE_IDENTIFIER = "Instabug.Instabug-TaskTests";
				PRODUCT_NAME = "$(TARGET_NAME)";
				SWIFT_VERSION = 4.0;
				TARGETED_DEVICE_FAMILY = "1,2";
				TEST_HOST = "$(BUILT_PRODUCTS_DIR)/Instabug_Task.app/Instabug_Task";
			};
			name = Debug;
		};
		868C6F0B2220B28F0088F447 /* Release */ = {
			isa = XCBuildConfiguration;
			buildSettings = {
				ALWAYS_EMBED_SWIFT_STANDARD_LIBRARIES = YES;
				BUNDLE_LOADER = "$(TEST_HOST)";
				CODE_SIGN_STYLE = Automatic;
				INFOPLIST_FILE = Instabug_TaskTests/Info.plist;
				LD_RUNPATH_SEARCH_PATHS = (
					"$(inherited)",
					"@executable_path/Frameworks",
					"@loader_path/Frameworks",
				);
				PRODUCT_BUNDLE_IDENTIFIER = "Instabug.Instabug-TaskTests";
				PRODUCT_NAME = "$(TARGET_NAME)";
				SWIFT_VERSION = 4.0;
				TARGETED_DEVICE_FAMILY = "1,2";
				TEST_HOST = "$(BUILT_PRODUCTS_DIR)/Instabug_Task.app/Instabug_Task";
			};
			name = Release;
		};
		868C6F0D2220B28F0088F447 /* Debug */ = {
			isa = XCBuildConfiguration;
			buildSettings = {
				ALWAYS_EMBED_SWIFT_STANDARD_LIBRARIES = YES;
				CODE_SIGN_STYLE = Automatic;
				INFOPLIST_FILE = Instabug_TaskUITests/Info.plist;
				LD_RUNPATH_SEARCH_PATHS = (
					"$(inherited)",
					"@executable_path/Frameworks",
					"@loader_path/Frameworks",
				);
				PRODUCT_BUNDLE_IDENTIFIER = "Instabug.Instabug-TaskUITests";
				PRODUCT_NAME = "$(TARGET_NAME)";
				SWIFT_VERSION = 4.0;
				TARGETED_DEVICE_FAMILY = "1,2";
				TEST_TARGET_NAME = Instabug_Task;
			};
			name = Debug;
		};
		868C6F0E2220B28F0088F447 /* Release */ = {
			isa = XCBuildConfiguration;
			buildSettings = {
				ALWAYS_EMBED_SWIFT_STANDARD_LIBRARIES = YES;
				CODE_SIGN_STYLE = Automatic;
				INFOPLIST_FILE = Instabug_TaskUITests/Info.plist;
				LD_RUNPATH_SEARCH_PATHS = (
					"$(inherited)",
					"@executable_path/Frameworks",
					"@loader_path/Frameworks",
				);
				PRODUCT_BUNDLE_IDENTIFIER = "Instabug.Instabug-TaskUITests";
				PRODUCT_NAME = "$(TARGET_NAME)";
				SWIFT_VERSION = 4.0;
				TARGETED_DEVICE_FAMILY = "1,2";
				TEST_TARGET_NAME = Instabug_Task;
			};
			name = Release;
		};
/* End XCBuildConfiguration section */

/* Begin XCConfigurationList section */
		868C6ED92220B28C0088F447 /* Build configuration list for PBXProject "Instabug_Task" */ = {
			isa = XCConfigurationList;
			buildConfigurations = (
				868C6F042220B28F0088F447 /* Debug */,
				868C6F052220B28F0088F447 /* Release */,
			);
			defaultConfigurationIsVisible = 0;
			defaultConfigurationName = Release;
		};
		868C6F062220B28F0088F447 /* Build configuration list for PBXNativeTarget "Instabug_Task" */ = {
			isa = XCConfigurationList;
			buildConfigurations = (
				868C6F072220B28F0088F447 /* Debug */,
				868C6F082220B28F0088F447 /* Release */,
			);
			defaultConfigurationIsVisible = 0;
			defaultConfigurationName = Release;
		};
		868C6F092220B28F0088F447 /* Build configuration list for PBXNativeTarget "Instabug_TaskTests" */ = {
			isa = XCConfigurationList;
			buildConfigurations = (
				868C6F0A2220B28F0088F447 /* Debug */,
				868C6F0B2220B28F0088F447 /* Release */,
			);
			defaultConfigurationIsVisible = 0;
			defaultConfigurationName = Release;
		};
		868C6F0C2220B28F0088F447 /* Build configuration list for PBXNativeTarget "Instabug_TaskUITests" */ = {
			isa = XCConfigurationList;
			buildConfigurations = (
				868C6F0D2220B28F0088F447 /* Debug */,
				868C6F0E2220B28F0088F447 /* Release */,
			);
			defaultConfigurationIsVisible = 0;
			defaultConfigurationName = Release;
		};
/* End XCConfigurationList section */
	};
	rootObject = 868C6ED62220B28C0088F447 /* Project object */;
}
